{
  "nodes": {
    "nixpkgs": {
      "locked": {
        "lastModified": 1780749050,
        "narHash": "sha256-3av0pIjlOWQ6rDbNOmpUSvbNnJkGORQKKjb4LtCZsIY=",
        "owner": "NixOS",
        "repo": "nixpkgs",
        "rev": "a799d3e3886da994fa307f817a6bc705ae538eeb",
        "type": "github"
      },
      "original": {
        "owner": "NixOS",
        "ref": "nixos-unstable",
        "repo": "nixpkgs",
        "type": "github"
      }
    },
    "open-wallpaper-engine-src": {
      "flake": false,
      "locked": {
        "lastModified": 1780838765,
        "narHash": "sha256-6x1rcLx4kt+Suz50fMqjf5jkNazogAibM30juBEEz5s=",
        "owner": "waywallen",
        "repo": "open-wallpaper-engine",
        "rev": "740daacb9f8a3921b169722a76f17201d210aeea",
        "type": "github"
      },
      "original": {
        "owner": "waywallen",
        "repo": "open-wallpaper-engine",
        "type": "github"
      }
    },
    "root": {
      "inputs": {
        "nixpkgs": "nixpkgs",
        "open-wallpaper-engine-src": "open-wallpaper-engine-src",
        "waywallen-display-src": "waywallen-display-src",
        "waywallen-src": "waywallen-src"
      }
    },
    "waywallen-display-src": {
      "flake": false,
      "locked": {
        "lastModified": 1780729681,
        "narHash": "sha256-7Zem/95tJxa/n+0PtxXvDGwiAroeS2/GEMrF/70u8OI=",
        "owner": "waywallen",
        "repo": "waywallen-display",
        "rev": "69bcdc0b968b5a8bcaa313131c0bc6aea15ade02",
        "type": "github"
      },
      "original": {
        "owner": "waywallen",
        "repo": "waywallen-display",
        "type": "github"
      }
    },
    "waywallen-src": {
      "flake": false,
      "locked": {
        "lastModified": 1780842953,
        "narHash": "sha256-W6AwxUL8Gz/ye5ezORFksg4i29bmuU//F9EI/zW49OE=",
        "owner": "waywallen",
        "repo": "waywallen",
        "rev": "04b57c07e18566e4de1e12deaeb00324fe37a282",
        "type": "github"
      },
      "original": {
        "owner": "waywallen",
        "repo": "waywallen",
        "type": "github"
      }
    }
  },
  "root": "root",
  "version": 7
}
