{
  "nodes": {
    "nixpkgs": {
      "locked": {
        "lastModified": 1780243769,
        "narHash": "sha256-x5UQuRsH3MqI0U9afaXSNqzTPSeZlRLvFAav2Ux1pNw=",
        "owner": "NixOS",
        "repo": "nixpkgs",
        "rev": "331800de5053fcebacf6813adb5db9c9dca22a0c",
        "type": "github"
      },
      "original": {
        "owner": "NixOS",
        "ref": "nixos-unstable",
        "repo": "nixpkgs",
        "type": "github"
      }
    },
    "open-wallpaper-engine-src": {
      "flake": false,
      "locked": {
        "lastModified": 1780719628,
        "narHash": "sha256-8SMOUjKr17vLfq0bOhKIEhCasuiljTdFUyE8MpRK/XE=",
        "owner": "waywallen",
        "repo": "open-wallpaper-engine",
        "rev": "1a42f3522e26572610c953da9b902db7a7e80fd4",
        "type": "github"
      },
      "original": {
        "owner": "waywallen",
        "repo": "open-wallpaper-engine",
        "type": "github"
      }
    },
    "root": {
      "inputs": {
        "nixpkgs": "nixpkgs",
        "open-wallpaper-engine-src": "open-wallpaper-engine-src",
        "waywallen-display-src": "waywallen-display-src",
        "waywallen-src": "waywallen-src"
      }
    },
    "waywallen-display-src": {
      "flake": false,
      "locked": {
        "lastModified": 1780729681,
        "narHash": "sha256-7Zem/95tJxa/n+0PtxXvDGwiAroeS2/GEMrF/70u8OI=",
        "owner": "waywallen",
        "repo": "waywallen-display",
        "rev": "69bcdc0b968b5a8bcaa313131c0bc6aea15ade02",
        "type": "github"
      },
      "original": {
        "owner": "waywallen",
        "repo": "waywallen-display",
        "type": "github"
      }
    },
    "waywallen-src": {
      "flake": false,
      "locked": {
        "lastModified": 1780746394,
        "narHash": "sha256-YxIgWyCTxrjDwddJLkemULQKW2MMLyzwSFZAPuQSBks=",
        "owner": "waywallen",
        "repo": "waywallen",
        "rev": "89bbdc866c6701d16fbc10cd2b393975bfa9b357",
        "type": "github"
      },
      "original": {
        "owner": "waywallen",
        "repo": "waywallen",
        "type": "github"
      }
    }
  },
  "root": "root",
  "version": 7
}
